
Microsoft Visual Studio Solution File, Format Version 12.00
# Visual Studio 15
VisualStudioVersion = 15.0.28010.2019
MinimumVisualStudioVersion = 10.0.40219.1
Project("{FAE04EC0-301F-11D3-BF4B-00C04F79EFBC}") = "AngularWithOpeniddict", "AngularWithOpeniddict\AngularWithOpeniddict.csproj", "{F6FB3ADB-288A-48ED-A805-7D981C942DC3}"
EndProject
Global
	GlobalSection(SolutionConfigurationPlatforms) = preSolution
		Debug|Any CPU = Debug|Any CPU
		Release|Any CPU = Release|Any CPU
	EndGlobalSection
	GlobalSection(ProjectConfigurationPlatforms) = postSolution
		{F6FB3ADB-288A-48ED-A805-7D981C942DC3}.Debug|Any CPU.ActiveCfg = Debug|Any CPU
		{F6FB3ADB-288A-48ED-A805-7D981C942DC3}.Debug|Any CPU.Build.0 = Debug|Any CPU
		{F6FB3ADB-288A-48ED-A805-7D981C942DC3}.Release|Any CPU.ActiveCfg = Release|Any CPU
		{F6FB3ADB-288A-48ED-A805-7D981C942DC3}.Release|Any CPU.Build.0 = Release|Any CPU
	EndGlobalSection
	GlobalSection(SolutionProperties) = preSolution
		HideSolutionNode = FALSE
	EndGlobalSection
	GlobalSection(ExtensibilityGlobals) = postSolution
		SolutionGuid = {CED07836-77C7-40AD-935F-5A61A340FEB7}
	EndGlobalSection
EndGlobal
